
Microsoft Visual Studio Solution File, Format Version 12.00
# Visual Studio Version 16
VisualStudioVersion = 16.0.31402.337
MinimumVisualStudioVersion = 10.0.40219.1
Project("{FAE04EC0-301F-11D3-BF4B-00C04F79EFBC}") = "webView", "webView.csproj", "{AAD5783B-779A-4E13-8570-CE0651FE73E6}"
EndProject
Global
	GlobalSection(SolutionConfigurationPlatforms) = preSolution
		Debug|Any CPU = Debug|Any CPU
		Release|Any CPU = Release|Any CPU
	EndGlobalSection
	GlobalSection(ProjectConfigurationPlatforms) = postSolution
		{AAD5783B-779A-4E13-8570-CE0651FE73E6}.Debug|Any CPU.ActiveCfg = Debug|Any CPU
		{AAD5783B-779A-4E13-8570-CE0651FE73E6}.Debug|Any CPU.Build.0 = Debug|Any CPU
		{AAD5783B-779A-4E13-8570-CE0651FE73E6}.Debug|Any CPU.Deploy.0 = Debug|Any CPU
		{AAD5783B-779A-4E13-8570-CE0651FE73E6}.Release|Any CPU.ActiveCfg = Release|Any CPU
		{AAD5783B-779A-4E13-8570-CE0651FE73E6}.Release|Any CPU.Build.0 = Release|Any CPU
		{AAD5783B-779A-4E13-8570-CE0651FE73E6}.Release|Any CPU.Deploy.0 = Release|Any CPU
	EndGlobalSection
	GlobalSection(SolutionProperties) = preSolution
		HideSolutionNode = FALSE
	EndGlobalSection
	GlobalSection(ExtensibilityGlobals) = postSolution
		SolutionGuid = {1AC0467B-7A23-4658-87A8-9CD33FB87938}
	EndGlobalSection
EndGlobal
